
Microsoft Visual Studio Solution File, Format Version 12.00
# Visual Studio Version 17
VisualStudioVersion = 17.8.34525.116
MinimumVisualStudioVersion = 10.0.40219.1
Project("{FAE04EC0-301F-11D3-BF4B-00C04F79EFBC}") = "prjDelegatesFestival", "prjDelegatesFestival\prjDelegatesFestival.csproj", "{4AFFEFF8-2E5F-4802-9AAA-3BEF0DA17472}"
EndProject
Global
	GlobalSection(SolutionConfigurationPlatforms) = preSolution
		Debug|Any CPU = Debug|Any CPU
		Release|Any CPU = Release|Any CPU
	EndGlobalSection
	GlobalSection(ProjectConfigurationPlatforms) = postSolution
		{4AFFEFF8-2E5F-4802-9AAA-3BEF0DA17472}.Debug|Any CPU.ActiveCfg = Debug|Any CPU
		{4AFFEFF8-2E5F-4802-9AAA-3BEF0DA17472}.Debug|Any CPU.Build.0 = Debug|Any CPU
		{4AFFEFF8-2E5F-4802-9AAA-3BEF0DA17472}.Release|Any CPU.ActiveCfg = Release|Any CPU
		{4AFFEFF8-2E5F-4802-9AAA-3BEF0DA17472}.Release|Any CPU.Build.0 = Release|Any CPU
	EndGlobalSection
	GlobalSection(SolutionProperties) = preSolution
		HideSolutionNode = FALSE
	EndGlobalSection
	GlobalSection(ExtensibilityGlobals) = postSolution
		SolutionGuid = {1D44222E-42EB-4ADA-927C-2DFFD1A093CA}
	EndGlobalSection
EndGlobal
